
Microsoft Visual Studio Solution File, Format Version 12.00
# Visual Studio 15
VisualStudioVersion = 15.0.27130.2036
MinimumVisualStudioVersion = 10.0.40219.1
Project("{FAE04EC0-301F-11D3-BF4B-00C04F79EFBC}") = "SystecCalc", "SystecCalc\SystecCalc.csproj", "{632F47C7-E765-4DA3-852B-9C20C1BAB0FA}"
EndProject
Global
	GlobalSection(SolutionConfigurationPlatforms) = preSolution
		Debug|Any CPU = Debug|Any CPU
		Release|Any CPU = Release|Any CPU
	EndGlobalSection
	GlobalSection(ProjectConfigurationPlatforms) = postSolution
		{632F47C7-E765-4DA3-852B-9C20C1BAB0FA}.Debug|Any CPU.ActiveCfg = Debug|Any CPU
		{632F47C7-E765-4DA3-852B-9C20C1BAB0FA}.Debug|Any CPU.Build.0 = Debug|Any CPU
		{632F47C7-E765-4DA3-852B-9C20C1BAB0FA}.Release|Any CPU.ActiveCfg = Release|Any CPU
		{632F47C7-E765-4DA3-852B-9C20C1BAB0FA}.Release|Any CPU.Build.0 = Release|Any CPU
	EndGlobalSection
	GlobalSection(SolutionProperties) = preSolution
		HideSolutionNode = FALSE
	EndGlobalSection
	GlobalSection(ExtensibilityGlobals) = postSolution
		SolutionGuid = {1CCDC285-800C-448A-94C9-F7441F2CE4F6}
	EndGlobalSection
EndGlobal
